
Microsoft Visual Studio Solution File, Format Version 12.00
# Visual Studio Version 17
VisualStudioVersion = 17.14.36616.10 d17.14
MinimumVisualStudioVersion = 10.0.40219.1
Project("{FAE04EC0-301F-11D3-BF4B-00C04F79EFBC}") = "Interface Implementation", "Interface Implementation.csproj", "{BD97BFE7-519C-41DD-BEF5-CA12357FB5CA}"
EndProject
Global
	GlobalSection(SolutionConfigurationPlatforms) = preSolution
		Debug|Any CPU = Debug|Any CPU
		Release|Any CPU = Release|Any CPU
	EndGlobalSection
	GlobalSection(ProjectConfigurationPlatforms) = postSolution
		{BD97BFE7-519C-41DD-BEF5-CA12357FB5CA}.Debug|Any CPU.ActiveCfg = Debug|Any CPU
		{BD97BFE7-519C-41DD-BEF5-CA12357FB5CA}.Debug|Any CPU.Build.0 = Debug|Any CPU
		{BD97BFE7-519C-41DD-BEF5-CA12357FB5CA}.Release|Any CPU.ActiveCfg = Release|Any CPU
		{BD97BFE7-519C-41DD-BEF5-CA12357FB5CA}.Release|Any CPU.Build.0 = Release|Any CPU
	EndGlobalSection
	GlobalSection(SolutionProperties) = preSolution
		HideSolutionNode = FALSE
	EndGlobalSection
	GlobalSection(ExtensibilityGlobals) = postSolution
		SolutionGuid = {14F732A2-9CDB-444F-8C01-459D5B8C6D82}
	EndGlobalSection
EndGlobal
